{
  "name": "runClubTracker",
  "version": "0.0.1",
  "lockfileVersion": 1,
  "requires": true,
  "dependencies": {
    "react-native-background-timer": {
      "version": "1.2.0",
      "resolved": "https://registry.npmjs.org/react-native-background-timer/-/react-native-background-timer-1.2.0.tgz",
      "integrity": "sha1-/ZUfk+XHDsiZpftCheEnDQ6Ln7I="
    },
    "react-timer-mixin": {
      "version": "0.13.3",
      "resolved": "https://registry.npmjs.org/react-timer-mixin/-/react-timer-mixin-0.13.3.tgz",
      "integrity": "sha1-Dai5+AfsB9w+hU0ILHN8ZWBbPSI="
    }
  }
}
